
Microsoft Visual Studio Solution File, Format Version 12.00
# Visual Studio Version 16
VisualStudioVersion = 16.0.31702.278
MinimumVisualStudioVersion = 10.0.40219.1
Project("{FAE04EC0-301F-11D3-BF4B-00C04F79EFBC}") = "Cordea_Anamaria_Lab10.Android", "Cordea_Anamaria_Lab10.Android\Cordea_Anamaria_Lab10.Android.csproj", "{BEE8F98C-A326-42AE-A87E-53B2C0C3A17A}"
EndProject
Project("{FAE04EC0-301F-11D3-BF4B-00C04F79EFBC}") = "Cordea_Anamaria_Lab10.iOS", "Cordea_Anamaria_Lab10.iOS\Cordea_Anamaria_Lab10.iOS.csproj", "{3A76EF0E-8A80-4FFA-A0F5-BF51C50D006F}"
EndProject
Project("{FAE04EC0-301F-11D3-BF4B-00C04F79EFBC}") = "Cordea_Anamaria_Lab10", "Cordea_Anamaria_Lab10\Cordea_Anamaria_Lab10.csproj", "{215AC842-C0B4-4E00-918E-F26616372F2D}"
EndProject
Global
	GlobalSection(SolutionConfigurationPlatforms) = preSolution
		Debug|Any CPU = Debug|Any CPU
		Debug|iPhone = Debug|iPhone
		Debug|iPhoneSimulator = Debug|iPhoneSimulator
		Release|Any CPU = Release|Any CPU
		Release|iPhone = Release|iPhone
		Release|iPhoneSimulator = Release|iPhoneSimulator
	EndGlobalSection
	GlobalSection(ProjectConfigurationPlatforms) = postSolution
		{BEE8F98C-A326-42AE-A87E-53B2C0C3A17A}.Debug|Any CPU.ActiveCfg = Debug|Any CPU
		{BEE8F98C-A326-42AE-A87E-53B2C0C3A17A}.Debug|Any CPU.Build.0 = Debug|Any CPU
		{BEE8F98C-A326-42AE-A87E-53B2C0C3A17A}.Debug|Any CPU.Deploy.0 = Debug|Any CPU
		{BEE8F98C-A326-42AE-A87E-53B2C0C3A17A}.Debug|iPhone.ActiveCfg = Debug|Any CPU
		{BEE8F98C-A326-42AE-A87E-53B2C0C3A17A}.Debug|iPhone.Build.0 = Debug|Any CPU
		{BEE8F98C-A326-42AE-A87E-53B2C0C3A17A}.Debug|iPhone.Deploy.0 = Debug|Any CPU
		{BEE8F98C-A326-42AE-A87E-53B2C0C3A17A}.Debug|iPhoneSimulator.ActiveCfg = Debug|Any CPU
		{BEE8F98C-A326-42AE-A87E-53B2C0C3A17A}.Debug|iPhoneSimulator.Build.0 = Debug|Any CPU
		{BEE8F98C-A326-42AE-A87E-53B2C0C3A17A}.Debug|iPhoneSimulator.Deploy.0 = Debug|Any CPU
		{BEE8F98C-A326-42AE-A87E-53B2C0C3A17A}.Release|Any CPU.ActiveCfg = Release|Any CPU
		{BEE8F98C-A326-42AE-A87E-53B2C0C3A17A}.Release|Any CPU.Build.0 = Release|Any CPU
		{BEE8F98C-A326-42AE-A87E-53B2C0C3A17A}.Release|Any CPU.Deploy.0 = Release|Any CPU
		{BEE8F98C-A326-42AE-A87E-53B2C0C3A17A}.Release|iPhone.ActiveCfg = Release|Any CPU
		{BEE8F98C-A326-42AE-A87E-53B2C0C3A17A}.Release|iPhone.Build.0 = Release|Any CPU
		{BEE8F98C-A326-42AE-A87E-53B2C0C3A17A}.Release|iPhone.Deploy.0 = Release|Any CPU
		{BEE8F98C-A326-42AE-A87E-53B2C0C3A17A}.Release|iPhoneSimulator.ActiveCfg = Release|Any CPU
		{BEE8F98C-A326-42AE-A87E-53B2C0C3A17A}.Release|iPhoneSimulator.Build.0 = Release|Any CPU
		{BEE8F98C-A326-42AE-A87E-53B2C0C3A17A}.Release|iPhoneSimulator.Deploy.0 = Release|Any CPU
		{3A76EF0E-8A80-4FFA-A0F5-BF51C50D006F}.Debug|Any CPU.ActiveCfg = Debug|iPhone
		{3A76EF0E-8A80-4FFA-A0F5-BF51C50D006F}.Debug|Any CPU.Build.0 = Debug|iPhone
		{3A76EF0E-8A80-4FFA-A0F5-BF51C50D006F}.Debug|Any CPU.Deploy.0 = Debug|iPhone
		{3A76EF0E-8A80-4FFA-A0F5-BF51C50D006F}.Debug|iPhone.ActiveCfg = Debug|iPhone
		{3A76EF0E-8A80-4FFA-A0F5-BF51C50D006F}.Debug|iPhone.Build.0 = Debug|iPhone
		{3A76EF0E-8A80-4FFA-A0F5-BF51C50D006F}.Debug|iPhone.Deploy.0 = Debug|iPhone
		{3A76EF0E-8A80-4FFA-A0F5-BF51C50D006F}.Debug|iPhoneSimulator.ActiveCfg = Debug|iPhoneSimulator
		{3A76EF0E-8A80-4FFA-A0F5-BF51C50D006F}.Debug|iPhoneSimulator.Build.0 = Debug|iPhoneSimulator
		{3A76EF0E-8A80-4FFA-A0F5-BF51C50D006F}.Debug|iPhoneSimulator.Deploy.0 = Debug|iPhoneSimulator
		{3A76EF0E-8A80-4FFA-A0F5-BF51C50D006F}.Release|Any CPU.ActiveCfg = Release|iPhoneSimulator
		{3A76EF0E-8A80-4FFA-A0F5-BF51C50D006F}.Release|Any CPU.Build.0 = Release|iPhoneSimulator
		{3A76EF0E-8A80-4FFA-A0F5-BF51C50D006F}.Release|Any CPU.Deploy.0 = Release|iPhoneSimulator
		{3A76EF0E-8A80-4FFA-A0F5-BF51C50D006F}.Release|iPhone.ActiveCfg = Release|iPhone
		{3A76EF0E-8A80-4FFA-A0F5-BF51C50D006F}.Release|iPhone.Build.0 = Release|iPhone
		{3A76EF0E-8A80-4FFA-A0F5-BF51C50D006F}.Release|iPhone.Deploy.0 = Release|iPhone
		{3A76EF0E-8A80-4FFA-A0F5-BF51C50D006F}.Release|iPhoneSimulator.ActiveCfg = Release|iPhoneSimulator
		{3A76EF0E-8A80-4FFA-A0F5-BF51C50D006F}.Release|iPhoneSimulator.Build.0 = Release|iPhoneSimulator
		{3A76EF0E-8A80-4FFA-A0F5-BF51C50D006F}.Release|iPhoneSimulator.Deploy.0 = Release|iPhoneSimulator
		{215AC842-C0B4-4E00-918E-F26616372F2D}.Debug|Any CPU.ActiveCfg = Debug|Any CPU
		{215AC842-C0B4-4E00-918E-F26616372F2D}.Debug|Any CPU.Build.0 = Debug|Any CPU
		{215AC842-C0B4-4E00-918E-F26616372F2D}.Debug|Any CPU.Deploy.0 = Debug|Any CPU
		{215AC842-C0B4-4E00-918E-F26616372F2D}.Debug|iPhone.ActiveCfg = Debug|Any CPU
		{215AC842-C0B4-4E00-918E-F26616372F2D}.Debug|iPhone.Build.0 = Debug|Any CPU
		{215AC842-C0B4-4E00-918E-F26616372F2D}.Debug|iPhone.Deploy.0 = Debug|Any CPU
		{215AC842-C0B4-4E00-918E-F26616372F2D}.Debug|iPhoneSimulator.ActiveCfg = Debug|Any CPU
		{215AC842-C0B4-4E00-918E-F26616372F2D}.Debug|iPhoneSimulator.Build.0 = Debug|Any CPU
		{215AC842-C0B4-4E00-918E-F26616372F2D}.Debug|iPhoneSimulator.Deploy.0 = Debug|Any CPU
		{215AC842-C0B4-4E00-918E-F26616372F2D}.Release|Any CPU.ActiveCfg = Release|Any CPU
		{215AC842-C0B4-4E00-918E-F26616372F2D}.Release|Any CPU.Build.0 = Release|Any CPU
		{215AC842-C0B4-4E00-918E-F26616372F2D}.Release|Any CPU.Deploy.0 = Release|Any CPU
		{215AC842-C0B4-4E00-918E-F26616372F2D}.Release|iPhone.ActiveCfg = Release|Any CPU
		{215AC842-C0B4-4E00-918E-F26616372F2D}.Release|iPhone.Build.0 = Release|Any CPU
		{215AC842-C0B4-4E00-918E-F26616372F2D}.Release|iPhone.Deploy.0 = Release|Any CPU
		{215AC842-C0B4-4E00-918E-F26616372F2D}.Release|iPhoneSimulator.ActiveCfg = Release|Any CPU
		{215AC842-C0B4-4E00-918E-F26616372F2D}.Release|iPhoneSimulator.Build.0 = Release|Any CPU
		{215AC842-C0B4-4E00-918E-F26616372F2D}.Release|iPhoneSimulator.Deploy.0 = Release|Any CPU
	EndGlobalSection
	GlobalSection(SolutionProperties) = preSolution
		HideSolutionNode = FALSE
	EndGlobalSection
	GlobalSection(ExtensibilityGlobals) = postSolution
		SolutionGuid = {1DDA61A4-4DD6-402A-920A-579EA5E20233}
	EndGlobalSection
EndGlobal
